{
  "object": {
    "pins": [
      {
        "package": "PhoneNumberKit",
        "repositoryURL": "https://github.com/marmelroy/PhoneNumberKit",
        "state": {
          "branch": null,
          "revision": "2964493a52e64812833662a7bd19def82f35973c",
          "version": "3.4.10"
        }
      }
    ]
  },
  "version": 1
}
