{
  "pins" : [
    {
      "identity" : "phonenumberkit",
      "kind" : "remoteSourceControl",
      "location" : "https://github.com/MussaCharles/PhoneNumberKit",
      "state" : {
        "revision" : "c474ff7aec5093f956d3cdc33082dd9e5d497782",
        "version" : "0.1.0"
      }
    }
  ],
  "version" : 2
}
