{
  "object": {
    "pins": [
      {
        "package": "PhoneNumberKit",
        "repositoryURL": "https://github.com/marmelroy/PhoneNumberKit",
        "state": {
          "branch": null,
          "revision": "104a53d62c55aa5794faf30b29ccad319653b552",
          "version": "3.4.5"
        }
      }
    ]
  },
  "version": 1
}
